
Microsoft Visual Studio Solution File, Format Version 12.00
# Visual Studio Version 17
VisualStudioVersion = 17.5.33424.131
MinimumVisualStudioVersion = 10.0.40219.1
Project("{FAE04EC0-301F-11D3-BF4B-00C04F79EFBC}") = "project", "project.csproj", "{C19C46B6-E743-44DC-BB89-8B35B257E4B3}"
EndProject
Global
	GlobalSection(SolutionConfigurationPlatforms) = preSolution
		Debug|Any CPU = Debug|Any CPU
		Release|Any CPU = Release|Any CPU
	EndGlobalSection
	GlobalSection(ProjectConfigurationPlatforms) = postSolution
		{C19C46B6-E743-44DC-BB89-8B35B257E4B3}.Debug|Any CPU.ActiveCfg = Debug|Any CPU
		{C19C46B6-E743-44DC-BB89-8B35B257E4B3}.Debug|Any CPU.Build.0 = Debug|Any CPU
		{C19C46B6-E743-44DC-BB89-8B35B257E4B3}.Release|Any CPU.ActiveCfg = Release|Any CPU
		{C19C46B6-E743-44DC-BB89-8B35B257E4B3}.Release|Any CPU.Build.0 = Release|Any CPU
	EndGlobalSection
	GlobalSection(SolutionProperties) = preSolution
		HideSolutionNode = FALSE
	EndGlobalSection
	GlobalSection(ExtensibilityGlobals) = postSolution
		SolutionGuid = {F0A2DED1-AC70-484C-B5F1-CB8BAC30BE78}
	EndGlobalSection
EndGlobal
